// !$*UTF8*$!
{
	archiveVersion = 1;
	classes = {
	};
	objectVersion = 45;
	objects = {

/* Begin PBXBuildFile section */
		1D3623260D0F684500981E51 /* AppDelegate.m in Sources */ = {isa = PBXBuildFile; fileRef = 1D3623250D0F684500981E51 /* AppDelegate.m */; };
		1D60589B0D05DD56006BFB54 /* main.m in Sources */ = {isa = PBXBuildFile; fileRef = 29B97316FDCFA39411CA2CEA /* main.m */; };
		1D60589F0D05DD5A006BFB54 /* Foundation.framework in Frameworks */ = {isa = PBXBuildFile; fileRef = 1D30AB110D05D00D00671497 /* Foundation.framework */; };
		1DF5F4E00D08C38300B7A737 /* UIKit.framework in Frameworks */ = {isa = PBXBuildFile; fileRef = 1DF5F4DF0D08C38300B7A737 /* UIKit.framework */; };
		288765A50DF7441C002DB57D /* CoreGraphics.framework in Frameworks */ = {isa = PBXBuildFile; fileRef = 288765A40DF7441C002DB57D /* CoreGraphics.framework */; };
		28AD733F0D9D9553002E5188 /* MainWindow.xib in Resources */ = {isa = PBXBuildFile; fileRef = 28AD733E0D9D9553002E5188 /* MainWindow.xib */; };
		D883EDF2129A3F99006469D7 /* ContactsCtrl.xib in Resources */ = {isa = PBXBuildFile; fileRef = D883EDF1129A3F99006469D7 /* ContactsCtrl.xib */; };
		D88C67211242FDD200C4927D /* ModalAlert.m in Sources */ = {isa = PBXBuildFile; fileRef = D88C671F1242FDD200C4927D /* ModalAlert.m */; };
		D895E39312351A3C000BFECD /* AudioToolbox.framework in Frameworks */ = {isa = PBXBuildFile; fileRef = D895E39212351A3C000BFECD /* AudioToolbox.framework */; };
		D8A6C9CD1235EF8800FA738D /* AddressBookUI.framework in Frameworks */ = {isa = PBXBuildFile; fileRef = D8A6C9CC1235EF8800FA738D /* AddressBookUI.framework */; };
		D8A6C9D11235EF8E00FA738D /* AddressBook.framework in Frameworks */ = {isa = PBXBuildFile; fileRef = D8A6C9D01235EF8E00FA738D /* AddressBook.framework */; };
		D8B823E31240732B003273F3 /* ContactsCtrl.m in Sources */ = {isa = PBXBuildFile; fileRef = D8B823E11240732B003273F3 /* ContactsCtrl.m */; };
		D8B8C7A21252D046005BD078 /* pinyin.c in Sources */ = {isa = PBXBuildFile; fileRef = D8B8C7A01252D046005BD078 /* pinyin.c */; };
		D8BADF61124703C5007803D6 /* ContactData.m in Sources */ = {isa = PBXBuildFile; fileRef = D8BADF60124703C5007803D6 /* ContactData.m */; };
		D8C9B9E7124476570038CB9D /* QuartzCore.framework in Frameworks */ = {isa = PBXBuildFile; fileRef = D8C9B9E6124476570038CB9D /* QuartzCore.framework */; };
		D8CDF3F81240B2390093205A /* ABContact.m in Sources */ = {isa = PBXBuildFile; fileRef = D8CDF3F31240B2390093205A /* ABContact.m */; };
		D8CDF3F91240B2390093205A /* ABGroup.m in Sources */ = {isa = PBXBuildFile; fileRef = D8CDF3F51240B2390093205A /* ABGroup.m */; };
		D8CDF3FA1240B2390093205A /* ABContactsHelper.m in Sources */ = {isa = PBXBuildFile; fileRef = D8CDF3F71240B2390093205A /* ABContactsHelper.m */; };
/* End PBXBuildFile section */

/* Begin PBXFileReference section */
		1D30AB110D05D00D00671497 /* Foundation.framework */ = {isa = PBXFileReference; lastKnownFileType = wrapper.framework; name = Foundation.framework; path = System/Library/Frameworks/Foundation.framework; sourceTree = SDKROOT; };
		1D3623240D0F684500981E51 /* AppDelegate.h */ = {isa = PBXFileReference; fileEncoding = 4; lastKnownFileType = sourcecode.c.h; path = AppDelegate.h; sourceTree = "<group>"; };
		1D3623250D0F684500981E51 /* AppDelegate.m */ = {isa = PBXFileReference; fileEncoding = 4; lastKnownFileType = sourcecode.c.objc; path = AppDelegate.m; sourceTree = "<group>"; };
		1D6058910D05DD3D006BFB54 /* Phone.app */ = {isa = PBXFileReference; explicitFileType = wrapper.application; includeInIndex = 0; path = Phone.app; sourceTree = BUILT_PRODUCTS_DIR; };
		1DF5F4DF0D08C38300B7A737 /* UIKit.framework */ = {isa = PBXFileReference; lastKnownFileType = wrapper.framework; name = UIKit.framework; path = System/Library/Frameworks/UIKit.framework; sourceTree = SDKROOT; };
		288765A40DF7441C002DB57D /* CoreGraphics.framework */ = {isa = PBXFileReference; lastKnownFileType = wrapper.framework; name = CoreGraphics.framework; path = System/Library/Frameworks/CoreGraphics.framework; sourceTree = SDKROOT; };
		28AD733E0D9D9553002E5188 /* MainWindow.xib */ = {isa = PBXFileReference; lastKnownFileType = file.xib; path = MainWindow.xib; sourceTree = "<group>"; };
		29B97316FDCFA39411CA2CEA /* main.m */ = {isa = PBXFileReference; fileEncoding = 4; lastKnownFileType = sourcecode.c.objc; path = main.m; sourceTree = "<group>"; };
		32CA4F630368D1EE00C91783 /* Phone_Prefix.pch */ = {isa = PBXFileReference; fileEncoding = 4; lastKnownFileType = sourcecode.c.h; path = Phone_Prefix.pch; sourceTree = "<group>"; };
		8D1107310486CEB800E47090 /* Phone-Info.plist */ = {isa = PBXFileReference; fileEncoding = 4; lastKnownFileType = text.plist.xml; path = "Phone-Info.plist"; plistStructureDefinitionIdentifier = "com.apple.xcode.plist.structure-definition.iphone.info-plist"; sourceTree = "<group>"; };
		D883EDF1129A3F99006469D7 /* ContactsCtrl.xib */ = {isa = PBXFileReference; lastKnownFileType = file.xib; path = ContactsCtrl.xib; sourceTree = "<group>"; };
		D88C671F1242FDD200C4927D /* ModalAlert.m */ = {isa = PBXFileReference; fileEncoding = 4; lastKnownFileType = sourcecode.c.objc; path = ModalAlert.m; sourceTree = "<group>"; };
		D88C67201242FDD200C4927D /* ModalAlert.h */ = {isa = PBXFileReference; fileEncoding = 4; lastKnownFileType = sourcecode.c.h; path = ModalAlert.h; sourceTree = "<group>"; };
		D895E39212351A3C000BFECD /* AudioToolbox.framework */ = {isa = PBXFileReference; lastKnownFileType = wrapper.framework; name = AudioToolbox.framework; path = System/Library/Frameworks/AudioToolbox.framework; sourceTree = SDKROOT; };
		D8A6C9CC1235EF8800FA738D /* AddressBookUI.framework */ = {isa = PBXFileReference; lastKnownFileType = wrapper.framework; name = AddressBookUI.framework; path = System/Library/Frameworks/AddressBookUI.framework; sourceTree = SDKROOT; };
		D8A6C9D01235EF8E00FA738D /* AddressBook.framework */ = {isa = PBXFileReference; lastKnownFileType = wrapper.framework; name = AddressBook.framework; path = System/Library/Frameworks/AddressBook.framework; sourceTree = SDKROOT; };
		D8B823E01240732B003273F3 /* ContactsCtrl.h */ = {isa = PBXFileReference; fileEncoding = 4; lastKnownFileType = sourcecode.c.h; path = ContactsCtrl.h; sourceTree = "<group>"; };
		D8B823E11240732B003273F3 /* ContactsCtrl.m */ = {isa = PBXFileReference; fileEncoding = 4; lastKnownFileType = sourcecode.c.objc; path = ContactsCtrl.m; sourceTree = "<group>"; };
		D8B8C7A01252D046005BD078 /* pinyin.c */ = {isa = PBXFileReference; fileEncoding = 4; lastKnownFileType = sourcecode.c.c; path = pinyin.c; sourceTree = "<group>"; };
		D8B8C7A11252D046005BD078 /* pinyin.h */ = {isa = PBXFileReference; fileEncoding = 4; lastKnownFileType = sourcecode.c.h; path = pinyin.h; sourceTree = "<group>"; };
		D8BADF5F124703C5007803D6 /* ContactData.h */ = {isa = PBXFileReference; fileEncoding = 4; lastKnownFileType = sourcecode.c.h; path = ContactData.h; sourceTree = "<group>"; };
		D8BADF60124703C5007803D6 /* ContactData.m */ = {isa = PBXFileReference; fileEncoding = 4; lastKnownFileType = sourcecode.c.objc; path = ContactData.m; sourceTree = "<group>"; };
		D8C9B9E6124476570038CB9D /* QuartzCore.framework */ = {isa = PBXFileReference; lastKnownFileType = wrapper.framework; name = QuartzCore.framework; path = System/Library/Frameworks/QuartzCore.framework; sourceTree = SDKROOT; };
		D8CDF3F21240B2390093205A /* ABContact.h */ = {isa = PBXFileReference; fileEncoding = 4; lastKnownFileType = sourcecode.c.h; path = ABContact.h; sourceTree = "<group>"; };
		D8CDF3F31240B2390093205A /* ABContact.m */ = {isa = PBXFileReference; fileEncoding = 4; lastKnownFileType = sourcecode.c.objc; path = ABContact.m; sourceTree = "<group>"; };
		D8CDF3F41240B2390093205A /* ABGroup.h */ = {isa = PBXFileReference; fileEncoding = 4; lastKnownFileType = sourcecode.c.h; path = ABGroup.h; sourceTree = "<group>"; };
		D8CDF3F51240B2390093205A /* ABGroup.m */ = {isa = PBXFileReference; fileEncoding = 4; lastKnownFileType = sourcecode.c.objc; path = ABGroup.m; sourceTree = "<group>"; };
		D8CDF3F61240B2390093205A /* ABContactsHelper.h */ = {isa = PBXFileReference; fileEncoding = 4; lastKnownFileType = sourcecode.c.h; path = ABContactsHelper.h; sourceTree = "<group>"; };
		D8CDF3F71240B2390093205A /* ABContactsHelper.m */ = {isa = PBXFileReference; fileEncoding = 4; lastKnownFileType = sourcecode.c.objc; path = ABContactsHelper.m; sourceTree = "<group>"; };
/* End PBXFileReference section */

/* Begin PBXFrameworksBuildPhase section */
		1D60588F0D05DD3D006BFB54 /* Frameworks */ = {
			isa = PBXFrameworksBuildPhase;
			buildActionMask = 2147483647;
			files = (
				1D60589F0D05DD5A006BFB54 /* Foundation.framework in Frameworks */,
				1DF5F4E00D08C38300B7A737 /* UIKit.framework in Frameworks */,
				288765A50DF7441C002DB57D /* CoreGraphics.framework in Frameworks */,
				D895E39312351A3C000BFECD /* AudioToolbox.framework in Frameworks */,
				D8A6C9CD1235EF8800FA738D /* AddressBookUI.framework in Frameworks */,
				D8A6C9D11235EF8E00FA738D /* AddressBook.framework in Frameworks */,
				D8C9B9E7124476570038CB9D /* QuartzCore.framework in Frameworks */,
			);
			runOnlyForDeploymentPostprocessing = 0;
		};
/* End PBXFrameworksBuildPhase section */

/* Begin PBXGroup section */
		080E96DDFE201D6D7F000001 /* Classes */ = {
			isa = PBXGroup;
			children = (
				D8BADFFE12470CCD007803D6 /* Data */,
				D8BADF5F124703C5007803D6 /* ContactData.h */,
				D8BADF60124703C5007803D6 /* ContactData.m */,
				1D3623240D0F684500981E51 /* AppDelegate.h */,
				1D3623250D0F684500981E51 /* AppDelegate.m */,
				D8B823E01240732B003273F3 /* ContactsCtrl.h */,
				D8B823E11240732B003273F3 /* ContactsCtrl.m */,
			);
			path = Classes;
			sourceTree = "<group>";
		};
		19C28FACFE9D520D11CA2CBB /* Products */ = {
			isa = PBXGroup;
			children = (
				1D6058910D05DD3D006BFB54 /* Phone.app */,
			);
			name = Products;
			sourceTree = "<group>";
		};
		29B97314FDCFA39411CA2CEA /* CustomTemplate */ = {
			isa = PBXGroup;
			children = (
				080E96DDFE201D6D7F000001 /* Classes */,
				29B97315FDCFA39411CA2CEA /* Other Sources */,
				29B97317FDCFA39411CA2CEA /* Resources */,
				29B97323FDCFA39411CA2CEA /* Frameworks */,
				19C28FACFE9D520D11CA2CBB /* Products */,
			);
			name = CustomTemplate;
			sourceTree = "<group>";
		};
		29B97315FDCFA39411CA2CEA /* Other Sources */ = {
			isa = PBXGroup;
			children = (
				32CA4F630368D1EE00C91783 /* Phone_Prefix.pch */,
				29B97316FDCFA39411CA2CEA /* main.m */,
			);
			name = "Other Sources";
			sourceTree = "<group>";
		};
		29B97317FDCFA39411CA2CEA /* Resources */ = {
			isa = PBXGroup;
			children = (
				28AD733E0D9D9553002E5188 /* MainWindow.xib */,
				D883EDF1129A3F99006469D7 /* ContactsCtrl.xib */,
				8D1107310486CEB800E47090 /* Phone-Info.plist */,
			);
			name = Resources;
			sourceTree = "<group>";
		};
		29B97323FDCFA39411CA2CEA /* Frameworks */ = {
			isa = PBXGroup;
			children = (
				1DF5F4DF0D08C38300B7A737 /* UIKit.framework */,
				1D30AB110D05D00D00671497 /* Foundation.framework */,
				288765A40DF7441C002DB57D /* CoreGraphics.framework */,
				D895E39212351A3C000BFECD /* AudioToolbox.framework */,
				D8A6C9CC1235EF8800FA738D /* AddressBookUI.framework */,
				D8A6C9D01235EF8E00FA738D /* AddressBook.framework */,
				D8C9B9E6124476570038CB9D /* QuartzCore.framework */,
			);
			name = Frameworks;
			sourceTree = "<group>";
		};
		D8BADFFE12470CCD007803D6 /* Data */ = {
			isa = PBXGroup;
			children = (
				D8CDF3F21240B2390093205A /* ABContact.h */,
				D8CDF3F31240B2390093205A /* ABContact.m */,
				D8CDF3F41240B2390093205A /* ABGroup.h */,
				D8CDF3F51240B2390093205A /* ABGroup.m */,
				D8CDF3F61240B2390093205A /* ABContactsHelper.h */,
				D8CDF3F71240B2390093205A /* ABContactsHelper.m */,
				D8B8C7A01252D046005BD078 /* pinyin.c */,
				D8B8C7A11252D046005BD078 /* pinyin.h */,
				D88C671F1242FDD200C4927D /* ModalAlert.m */,
				D88C67201242FDD200C4927D /* ModalAlert.h */,
			);
			name = Data;
			sourceTree = "<group>";
		};
/* End PBXGroup section */

/* Begin PBXNativeTarget section */
		1D6058900D05DD3D006BFB54 /* Phone */ = {
			isa = PBXNativeTarget;
			buildConfigurationList = 1D6058960D05DD3E006BFB54 /* Build configuration list for PBXNativeTarget "Phone" */;
			buildPhases = (
				1D60588D0D05DD3D006BFB54 /* Resources */,
				1D60588E0D05DD3D006BFB54 /* Sources */,
				1D60588F0D05DD3D006BFB54 /* Frameworks */,
			);
			buildRules = (
			);
			dependencies = (
			);
			name = Phone;
			productName = Phone;
			productReference = 1D6058910D05DD3D006BFB54 /* Phone.app */;
			productType = "com.apple.product-type.application";
		};
/* End PBXNativeTarget section */

/* Begin PBXProject section */
		29B97313FDCFA39411CA2CEA /* Project object */ = {
			isa = PBXProject;
			buildConfigurationList = C01FCF4E08A954540054247B /* Build configuration list for PBXProject "Phone" */;
			compatibilityVersion = "Xcode 3.1";
			hasScannedForEncodings = 1;
			mainGroup = 29B97314FDCFA39411CA2CEA /* CustomTemplate */;
			projectDirPath = "";
			projectRoot = "";
			targets = (
				1D6058900D05DD3D006BFB54 /* Phone */,
			);
		};
/* End PBXProject section */

/* Begin PBXResourcesBuildPhase section */
		1D60588D0D05DD3D006BFB54 /* Resources */ = {
			isa = PBXResourcesBuildPhase;
			buildActionMask = 2147483647;
			files = (
				28AD733F0D9D9553002E5188 /* MainWindow.xib in Resources */,
				D883EDF2129A3F99006469D7 /* ContactsCtrl.xib in Resources */,
			);
			runOnlyForDeploymentPostprocessing = 0;
		};
/* End PBXResourcesBuildPhase section */

/* Begin PBXSourcesBuildPhase section */
		1D60588E0D05DD3D006BFB54 /* Sources */ = {
			isa = PBXSourcesBuildPhase;
			buildActionMask = 2147483647;
			files = (
				1D60589B0D05DD56006BFB54 /* main.m in Sources */,
				1D3623260D0F684500981E51 /* AppDelegate.m in Sources */,
				D8B823E31240732B003273F3 /* ContactsCtrl.m in Sources */,
				D8CDF3F81240B2390093205A /* ABContact.m in Sources */,
				D8CDF3F91240B2390093205A /* ABGroup.m in Sources */,
				D8CDF3FA1240B2390093205A /* ABContactsHelper.m in Sources */,
				D88C67211242FDD200C4927D /* ModalAlert.m in Sources */,
				D8BADF61124703C5007803D6 /* ContactData.m in Sources */,
				D8B8C7A21252D046005BD078 /* pinyin.c in Sources */,
			);
			runOnlyForDeploymentPostprocessing = 0;
		};
/* End PBXSourcesBuildPhase section */

/* Begin XCBuildConfiguration section */
		1D6058940D05DD3E006BFB54 /* Debug */ = {
			isa = XCBuildConfiguration;
			buildSettings = {
				ALWAYS_SEARCH_USER_PATHS = NO;
				"CODE_SIGN_IDENTITY[sdk=iphoneos*]" = "iPhone Developer: Angel xf (3SR37A45YG)";
				COPY_PHASE_STRIP = NO;
				GCC_DYNAMIC_NO_PIC = NO;
				GCC_OPTIMIZATION_LEVEL = 0;
				GCC_PRECOMPILE_PREFIX_HEADER = YES;
				GCC_PREFIX_HEADER = Phone_Prefix.pch;
				INFOPLIST_FILE = "Phone-Info.plist";
				PRODUCT_NAME = Phone;
				"PROVISIONING_PROFILE[sdk=iphoneos*]" = "D9C10A49-CE06-4AE9-9432-34DE85C17335";
			};
			name = Debug;
		};
		1D6058950D05DD3E006BFB54 /* Release */ = {
			isa = XCBuildConfiguration;
			buildSettings = {
				ALWAYS_SEARCH_USER_PATHS = NO;
				COPY_PHASE_STRIP = YES;
				GCC_PRECOMPILE_PREFIX_HEADER = YES;
				GCC_PREFIX_HEADER = Phone_Prefix.pch;
				INFOPLIST_FILE = "Phone-Info.plist";
				PRODUCT_NAME = Phone;
				VALIDATE_PRODUCT = YES;
			};
			name = Release;
		};
		C01FCF4F08A954540054247B /* Debug */ = {
			isa = XCBuildConfiguration;
			buildSettings = {
				ARCHS = "$(ARCHS_STANDARD_32_BIT)";
				"CODE_SIGN_IDENTITY[sdk=iphoneos*]" = "iPhone Developer";
				GCC_C_LANGUAGE_STANDARD = c99;
				GCC_WARN_ABOUT_RETURN_TYPE = YES;
				GCC_WARN_UNUSED_VARIABLE = YES;
				PREBINDING = NO;
				SDKROOT = iphoneos3.0;
			};
			name = Debug;
		};
		C01FCF5008A954540054247B /* Release */ = {
			isa = XCBuildConfiguration;
			buildSettings = {
				ARCHS = "$(ARCHS_STANDARD_32_BIT)";
				"CODE_SIGN_IDENTITY[sdk=iphoneos*]" = "iPhone Developer";
				GCC_C_LANGUAGE_STANDARD = c99;
				GCC_WARN_ABOUT_RETURN_TYPE = YES;
				GCC_WARN_UNUSED_VARIABLE = YES;
				OTHER_CFLAGS = "-DNS_BLOCK_ASSERTIONS=1";
				PREBINDING = NO;
				SDKROOT = iphoneos3.1.3;
			};
			name = Release;
		};
		D89B1F68123A40770035C91A /* Hoc */ = {
			isa = XCBuildConfiguration;
			buildSettings = {
				ARCHS = "$(ARCHS_STANDARD_32_BIT)";
				"CODE_SIGN_IDENTITY[sdk=iphoneos*]" = "iPhone Developer";
				GCC_C_LANGUAGE_STANDARD = c99;
				GCC_WARN_ABOUT_RETURN_TYPE = YES;
				GCC_WARN_UNUSED_VARIABLE = YES;
				OTHER_CFLAGS = "-DNS_BLOCK_ASSERTIONS=1";
				PREBINDING = NO;
				SDKROOT = iphoneos3.1.3;
			};
			name = Hoc;
		};
		D89B1F69123A40770035C91A /* Hoc */ = {
			isa = XCBuildConfiguration;
			buildSettings = {
				ALWAYS_SEARCH_USER_PATHS = NO;
				"CODE_SIGN_IDENTITY[sdk=iphoneos*]" = "iPhone Developer: Angel xf (3SR37A45YG)";
				COPY_PHASE_STRIP = YES;
				GCC_PRECOMPILE_PREFIX_HEADER = YES;
				GCC_PREFIX_HEADER = Phone_Prefix.pch;
				INFOPLIST_FILE = "Phone-Info.plist";
				PRODUCT_NAME = Phone;
				"PROVISIONING_PROFILE[sdk=iphoneos*]" = "D9C10A49-CE06-4AE9-9432-34DE85C17335";
				VALIDATE_PRODUCT = YES;
			};
			name = Hoc;
		};
/* End XCBuildConfiguration section */

/* Begin XCConfigurationList section */
		1D6058960D05DD3E006BFB54 /* Build configuration list for PBXNativeTarget "Phone" */ = {
			isa = XCConfigurationList;
			buildConfigurations = (
				1D6058940D05DD3E006BFB54 /* Debug */,
				1D6058950D05DD3E006BFB54 /* Release */,
				D89B1F69123A40770035C91A /* Hoc */,
			);
			defaultConfigurationIsVisible = 0;
			defaultConfigurationName = Release;
		};
		C01FCF4E08A954540054247B /* Build configuration list for PBXProject "Phone" */ = {
			isa = XCConfigurationList;
			buildConfigurations = (
				C01FCF4F08A954540054247B /* Debug */,
				C01FCF5008A954540054247B /* Release */,
				D89B1F68123A40770035C91A /* Hoc */,
			);
			defaultConfigurationIsVisible = 0;
			defaultConfigurationName = Release;
		};
/* End XCConfigurationList section */
	};
	rootObject = 29B97313FDCFA39411CA2CEA /* Project object */;
}
